// !$*UTF8*$!
{
	archiveVersion = 1;
	classes = {
	};
	objectVersion = 55;
	objects = {

/* Begin PBXBuildFile section */
		96D04B8A28D448B000FB91EF /* AppDelegate.swift in Sources */ = {isa = PBXBuildFile; fileRef = 96D04B8928D448B000FB91EF /* AppDelegate.swift */; };
		96D04B8C28D448B000FB91EF /* SceneDelegate.swift in Sources */ = {isa = PBXBuildFile; fileRef = 96D04B8B28D448B000FB91EF /* SceneDelegate.swift */; };
		96D04B8E28D448B000FB91EF /* ViewController.swift in Sources */ = {isa = PBXBuildFile; fileRef = 96D04B8D28D448B000FB91EF /* ViewController.swift */; };
		96D04B9128D448B000FB91EF /* Main.storyboard in Resources */ = {isa = PBXBuildFile; fileRef = 96D04B8F28D448B000FB91EF /* Main.storyboard */; };
		96D04B9328D448B200FB91EF /* Assets.xcassets in Resources */ = {isa = PBXBuildFile; fileRef = 96D04B9228D448B200FB91EF /* Assets.xcassets */; };
		96D04B9628D448B200FB91EF /* LaunchScreen.storyboard in Resources */ = {isa = PBXBuildFile; fileRef = 96D04B9428D448B200FB91EF /* LaunchScreen.storyboard */; };
		96D04BA128D448B200FB91EF /* loginPageTests.swift in Sources */ = {isa = PBXBuildFile; fileRef = 96D04BA028D448B200FB91EF /* loginPageTests.swift */; };
		96D04BAB28D448B200FB91EF /* loginPageUITests.swift in Sources */ = {isa = PBXBuildFile; fileRef = 96D04BAA28D448B200FB91EF /* loginPageUITests.swift */; };
		96D04BAD28D448B200FB91EF /* loginPageUITestsLaunchTests.swift in Sources */ = {isa = PBXBuildFile; fileRef = 96D04BAC28D448B200FB91EF /* loginPageUITestsLaunchTests.swift */; };
/* End PBXBuildFile section */

/* Begin PBXContainerItemProxy section */
		96D04B9D28D448B200FB91EF /* PBXContainerItemProxy */ = {
			isa = PBXContainerItemProxy;
			containerPortal = 96D04B7E28D448B000FB91EF /* Project object */;
			proxyType = 1;
			remoteGlobalIDString = 96D04B8528D448B000FB91EF;
			remoteInfo = loginPage;
		};
		96D04BA728D448B200FB91EF /* PBXContainerItemProxy */ = {
			isa = PBXContainerItemProxy;
			containerPortal = 96D04B7E28D448B000FB91EF /* Project object */;
			proxyType = 1;
			remoteGlobalIDString = 96D04B8528D448B000FB91EF;
			remoteInfo = loginPage;
		};
/* End PBXContainerItemProxy section */

/* Begin PBXFileReference section */
		96D04B8628D448B000FB91EF /* loginPage.app */ = {isa = PBXFileReference; explicitFileType = wrapper.application; includeInIndex = 0; path = loginPage.app; sourceTree = BUILT_PRODUCTS_DIR; };
		96D04B8928D448B000FB91EF /* AppDelegate.swift */ = {isa = PBXFileReference; lastKnownFileType = sourcecode.swift; path = AppDelegate.swift; sourceTree = "<group>"; };
		96D04B8B28D448B000FB91EF /* SceneDelegate.swift */ = {isa = PBXFileReference; lastKnownFileType = sourcecode.swift; path = SceneDelegate.swift; sourceTree = "<group>"; };
		96D04B8D28D448B000FB91EF /* ViewController.swift */ = {isa = PBXFileReference; lastKnownFileType = sourcecode.swift; path = ViewController.swift; sourceTree = "<group>"; };
		96D04B9028D448B000FB91EF /* Base */ = {isa = PBXFileReference; lastKnownFileType = file.storyboard; name = Base; path = Base.lproj/Main.storyboard; sourceTree = "<group>"; };
		96D04B9228D448B200FB91EF /* Assets.xcassets */ = {isa = PBXFileReference; lastKnownFileType = folder.assetcatalog; path = Assets.xcassets; sourceTree = "<group>"; };
		96D04B9528D448B200FB91EF /* Base */ = {isa = PBXFileReference; lastKnownFileType = file.storyboard; name = Base; path = Base.lproj/LaunchScreen.storyboard; sourceTree = "<group>"; };
		96D04B9728D448B200FB91EF /* Info.plist */ = {isa = PBXFileReference; lastKnownFileType = text.plist.xml; path = Info.plist; sourceTree = "<group>"; };
		96D04B9C28D448B200FB91EF /* loginPageTests.xctest */ = {isa = PBXFileReference; explicitFileType = wrapper.cfbundle; includeInIndex = 0; path = loginPageTests.xctest; sourceTree = BUILT_PRODUCTS_DIR; };
		96D04BA028D448B200FB91EF /* loginPageTests.swift */ = {isa = PBXFileReference; lastKnownFileType = sourcecode.swift; path = loginPageTests.swift; sourceTree = "<group>"; };
		96D04BA628D448B200FB91EF /* loginPageUITests.xctest */ = {isa = PBXFileReference; explicitFileType = wrapper.cfbundle; includeInIndex = 0; path = loginPageUITests.xctest; sourceTree = BUILT_PRODUCTS_DIR; };
		96D04BAA28D448B200FB91EF /* loginPageUITests.swift */ = {isa = PBXFileReference; lastKnownFileType = sourcecode.swift; path = loginPageUITests.swift; sourceTree = "<group>"; };
		96D04BAC28D448B200FB91EF /* loginPageUITestsLaunchTests.swift */ = {isa = PBXFileReference; lastKnownFileType = sourcecode.swift; path = loginPageUITestsLaunchTests.swift; sourceTree = "<group>"; };
/* End PBXFileReference section */

/* Begin PBXFrameworksBuildPhase section */
		96D04B8328D448B000FB91EF /* Frameworks */ = {
			isa = PBXFrameworksBuildPhase;
			buildActionMask = 2147483647;
			files = (
			);
			runOnlyForDeploymentPostprocessing = 0;
		};
		96D04B9928D448B200FB91EF /* Frameworks */ = {
			isa = PBXFrameworksBuildPhase;
			buildActionMask = 2147483647;
			files = (
			);
			runOnlyForDeploymentPostprocessing = 0;
		};
		96D04BA328D448B200FB91EF /* Frameworks */ = {
			isa = PBXFrameworksBuildPhase;
			buildActionMask = 2147483647;
			files = (
			);
			runOnlyForDeploymentPostprocessing = 0;
		};
/* End PBXFrameworksBuildPhase section */

/* Begin PBXGroup section */
		96D04B7D28D448B000FB91EF = {
			isa = PBXGroup;
			children = (
				96D04B8828D448B000FB91EF /* loginPage */,
				96D04B9F28D448B200FB91EF /* loginPageTests */,
				96D04BA928D448B200FB91EF /* loginPageUITests */,
				96D04B8728D448B000FB91EF /* Products */,
			);
			sourceTree = "<group>";
		};
		96D04B8728D448B000FB91EF /* Products */ = {
			isa = PBXGroup;
			children = (
				96D04B8628D448B000FB91EF /* loginPage.app */,
				96D04B9C28D448B200FB91EF /* loginPageTests.xctest */,
				96D04BA628D448B200FB91EF /* loginPageUITests.xctest */,
			);
			name = Products;
			sourceTree = "<group>";
		};
		96D04B8828D448B000FB91EF /* loginPage */ = {
			isa = PBXGroup;
			children = (
				96D04B8928D448B000FB91EF /* AppDelegate.swift */,
				96D04B8B28D448B000FB91EF /* SceneDelegate.swift */,
				96D04B8D28D448B000FB91EF /* ViewController.swift */,
				96D04B8F28D448B000FB91EF /* Main.storyboard */,
				96D04B9228D448B200FB91EF /* Assets.xcassets */,
				96D04B9428D448B200FB91EF /* LaunchScreen.storyboard */,
				96D04B9728D448B200FB91EF /* Info.plist */,
			);
			path = loginPage;
			sourceTree = "<group>";
		};
		96D04B9F28D448B200FB91EF /* loginPageTests */ = {
			isa = PBXGroup;
			children = (
				96D04BA028D448B200FB91EF /* loginPageTests.swift */,
			);
			path = loginPageTests;
			sourceTree = "<group>";
		};
		96D04BA928D448B200FB91EF /* loginPageUITests */ = {
			isa = PBXGroup;
			children = (
				96D04BAA28D448B200FB91EF /* loginPageUITests.swift */,
				96D04BAC28D448B200FB91EF /* loginPageUITestsLaunchTests.swift */,
			);
			path = loginPageUITests;
			sourceTree = "<group>";
		};
/* End PBXGroup section */

/* Begin PBXNativeTarget section */
		96D04B8528D448B000FB91EF /* loginPage */ = {
			isa = PBXNativeTarget;
			buildConfigurationList = 96D04BB028D448B200FB91EF /* Build configuration list for PBXNativeTarget "loginPage" */;
			buildPhases = (
				96D04B8228D448B000FB91EF /* Sources */,
				96D04B8328D448B000FB91EF /* Frameworks */,
				96D04B8428D448B000FB91EF /* Resources */,
			);
			buildRules = (
			);
			dependencies = (
			);
			name = loginPage;
			productName = loginPage;
			productReference = 96D04B8628D448B000FB91EF /* loginPage.app */;
			productType = "com.apple.product-type.application";
		};
		96D04B9B28D448B200FB91EF /* loginPageTests */ = {
			isa = PBXNativeTarget;
			buildConfigurationList = 96D04BB328D448B200FB91EF /* Build configuration list for PBXNativeTarget "loginPageTests" */;
			buildPhases = (
				96D04B9828D448B200FB91EF /* Sources */,
				96D04B9928D448B200FB91EF /* Frameworks */,
				96D04B9A28D448B200FB91EF /* Resources */,
			);
			buildRules = (
			);
			dependencies = (
				96D04B9E28D448B200FB91EF /* PBXTargetDependency */,
			);
			name = loginPageTests;
			productName = loginPageTests;
			productReference = 96D04B9C28D448B200FB91EF /* loginPageTests.xctest */;
			productType = "com.apple.product-type.bundle.unit-test";
		};
		96D04BA528D448B200FB91EF /* loginPageUITests */ = {
			isa = PBXNativeTarget;
			buildConfigurationList = 96D04BB628D448B200FB91EF /* Build configuration list for PBXNativeTarget "loginPageUITests" */;
			buildPhases = (
				96D04BA228D448B200FB91EF /* Sources */,
				96D04BA328D448B200FB91EF /* Frameworks */,
				96D04BA428D448B200FB91EF /* Resources */,
			);
			buildRules = (
			);
			dependencies = (
				96D04BA828D448B200FB91EF /* PBXTargetDependency */,
			);
			name = loginPageUITests;
			productName = loginPageUITests;
			productReference = 96D04BA628D448B200FB91EF /* loginPageUITests.xctest */;
			productType = "com.apple.product-type.bundle.ui-testing";
		};
/* End PBXNativeTarget section */

/* Begin PBXProject section */
		96D04B7E28D448B000FB91EF /* Project object */ = {
			isa = PBXProject;
			attributes = {
				BuildIndependentTargetsInParallel = 1;
				LastSwiftUpdateCheck = 1340;
				LastUpgradeCheck = 1340;
				TargetAttributes = {
					96D04B8528D448B000FB91EF = {
						CreatedOnToolsVersion = 13.4.1;
					};
					96D04B9B28D448B200FB91EF = {
						CreatedOnToolsVersion = 13.4.1;
						TestTargetID = 96D04B8528D448B000FB91EF;
					};
					96D04BA528D448B200FB91EF = {
						CreatedOnToolsVersion = 13.4.1;
						TestTargetID = 96D04B8528D448B000FB91EF;
					};
				};
			};
			buildConfigurationList = 96D04B8128D448B000FB91EF /* Build configuration list for PBXProject "loginPage" */;
			compatibilityVersion = "Xcode 13.0";
			developmentRegion = en;
			hasScannedForEncodings = 0;
			knownRegions = (
				en,
				Base,
			);
			mainGroup = 96D04B7D28D448B000FB91EF;
			productRefGroup = 96D04B8728D448B000FB91EF /* Products */;
			projectDirPath = "";
			projectRoot = "";
			targets = (
				96D04B8528D448B000FB91EF /* loginPage */,
				96D04B9B28D448B200FB91EF /* loginPageTests */,
				96D04BA528D448B200FB91EF /* loginPageUITests */,
			);
		};
/* End PBXProject section */

/* Begin PBXResourcesBuildPhase section */
		96D04B8428D448B000FB91EF /* Resources */ = {
			isa = PBXResourcesBuildPhase;
			buildActionMask = 2147483647;
			files = (
				96D04B9628D448B200FB91EF /* LaunchScreen.storyboard in Resources */,
				96D04B9328D448B200FB91EF /* Assets.xcassets in Resources */,
				96D04B9128D448B000FB91EF /* Main.storyboard in Resources */,
			);
			runOnlyForDeploymentPostprocessing = 0;
		};
		96D04B9A28D448B200FB91EF /* Resources */ = {
			isa = PBXResourcesBuildPhase;
			buildActionMask = 2147483647;
			files = (
			);
			runOnlyForDeploymentPostprocessing = 0;
		};
		96D04BA428D448B200FB91EF /* Resources */ = {
			isa = PBXResourcesBuildPhase;
			buildActionMask = 2147483647;
			files = (
			);
			runOnlyForDeploymentPostprocessing = 0;
		};
/* End PBXResourcesBuildPhase section */

/* Begin PBXSourcesBuildPhase section */
		96D04B8228D448B000FB91EF /* Sources */ = {
			isa = PBXSourcesBuildPhase;
			buildActionMask = 2147483647;
			files = (
				96D04B8E28D448B000FB91EF /* ViewController.swift in Sources */,
				96D04B8A28D448B000FB91EF /* AppDelegate.swift in Sources */,
				96D04B8C28D448B000FB91EF /* SceneDelegate.swift in Sources */,
			);
			runOnlyForDeploymentPostprocessing = 0;
		};
		96D04B9828D448B200FB91EF /* Sources */ = {
			isa = PBXSourcesBuildPhase;
			buildActionMask = 2147483647;
			files = (
				96D04BA128D448B200FB91EF /* loginPageTests.swift in Sources */,
			);
			runOnlyForDeploymentPostprocessing = 0;
		};
		96D04BA228D448B200FB91EF /* Sources */ = {
			isa = PBXSourcesBuildPhase;
			buildActionMask = 2147483647;
			files = (
				96D04BAB28D448B200FB91EF /* loginPageUITests.swift in Sources */,
				96D04BAD28D448B200FB91EF /* loginPageUITestsLaunchTests.swift in Sources */,
			);
			runOnlyForDeploymentPostprocessing = 0;
		};
/* End PBXSourcesBuildPhase section */

/* Begin PBXTargetDependency section */
		96D04B9E28D448B200FB91EF /* PBXTargetDependency */ = {
			isa = PBXTargetDependency;
			target = 96D04B8528D448B000FB91EF /* loginPage */;
			targetProxy = 96D04B9D28D448B200FB91EF /* PBXContainerItemProxy */;
		};
		96D04BA828D448B200FB91EF /* PBXTargetDependency */ = {
			isa = PBXTargetDependency;
			target = 96D04B8528D448B000FB91EF /* loginPage */;
			targetProxy = 96D04BA728D448B200FB91EF /* PBXContainerItemProxy */;
		};
/* End PBXTargetDependency section */

/* Begin PBXVariantGroup section */
		96D04B8F28D448B000FB91EF /* Main.storyboard */ = {
			isa = PBXVariantGroup;
			children = (
				96D04B9028D448B000FB91EF /* Base */,
			);
			name = Main.storyboard;
			sourceTree = "<group>";
		};
		96D04B9428D448B200FB91EF /* LaunchScreen.storyboard */ = {
			isa = PBXVariantGroup;
			children = (
				96D04B9528D448B200FB91EF /* Base */,
			);
			name = LaunchScreen.storyboard;
			sourceTree = "<group>";
		};
/* End PBXVariantGroup section */

/* Begin XCBuildConfiguration section */
		96D04BAE28D448B200FB91EF /* Debug */ = {
			isa = XCBuildConfiguration;
			buildSettings = {
				ALWAYS_SEARCH_USER_PATHS = NO;
				CLANG_ANALYZER_NONNULL = YES;
				CLANG_ANALYZER_NUMBER_OBJECT_CONVERSION = YES_AGGRESSIVE;
				CLANG_CXX_LANGUAGE_STANDARD = "gnu++17";
				CLANG_ENABLE_MODULES = YES;
				CLANG_ENABLE_OBJC_ARC = YES;
				CLANG_ENABLE_OBJC_WEAK = YES;
				CLANG_WARN_BLOCK_CAPTURE_AUTORELEASING = YES;
				CLANG_WARN_BOOL_CONVERSION = YES;
				CLANG_WARN_COMMA = YES;
				CLANG_WARN_CONSTANT_CONVERSION = YES;
				CLANG_WARN_DEPRECATED_OBJC_IMPLEMENTATIONS = YES;
				CLANG_WARN_DIRECT_OBJC_ISA_USAGE = YES_ERROR;
				CLANG_WARN_DOCUMENTATION_COMMENTS = YES;
				CLANG_WARN_EMPTY_BODY = YES;
				CLANG_WARN_ENUM_CONVERSION = YES;
				CLANG_WARN_INFINITE_RECURSION = YES;
				CLANG_WARN_INT_CONVERSION = YES;
				CLANG_WARN_NON_LITERAL_NULL_CONVERSION = YES;
				CLANG_WARN_OBJC_IMPLICIT_RETAIN_SELF = YES;
				CLANG_WARN_OBJC_LITERAL_CONVERSION = YES;
				CLANG_WARN_OBJC_ROOT_CLASS = YES_ERROR;
				CLANG_WARN_QUOTED_INCLUDE_IN_FRAMEWORK_HEADER = YES;
				CLANG_WARN_RANGE_LOOP_ANALYSIS = YES;
				CLANG_WARN_STRICT_PROTOTYPES = YES;
				CLANG_WARN_SUSPICIOUS_MOVE = YES;
				CLANG_WARN_UNGUARDED_AVAILABILITY = YES_AGGRESSIVE;
				CLANG_WARN_UNREACHABLE_CODE = YES;
				CLANG_WARN__DUPLICATE_METHOD_MATCH = YES;
				COPY_PHASE_STRIP = NO;
				DEBUG_INFORMATION_FORMAT = dwarf;
				ENABLE_STRICT_OBJC_MSGSEND = YES;
				ENABLE_TESTABILITY = YES;
				GCC_C_LANGUAGE_STANDARD = gnu11;
				GCC_DYNAMIC_NO_PIC = NO;
				GCC_NO_COMMON_BLOCKS = YES;
				GCC_OPTIMIZATION_LEVEL = 0;
				GCC_PREPROCESSOR_DEFINITIONS = (
					"DEBUG=1",
					"$(inherited)",
				);
				GCC_WARN_64_TO_32_BIT_CONVERSION = YES;
				GCC_WARN_ABOUT_RETURN_TYPE = YES_ERROR;
				GCC_WARN_UNDECLARED_SELECTOR = YES;
				GCC_WARN_UNINITIALIZED_AUTOS = YES_AGGRESSIVE;
				GCC_WARN_UNUSED_FUNCTION = YES;
				GCC_WARN_UNUSED_VARIABLE = YES;
				IPHONEOS_DEPLOYMENT_TARGET = 15.5;
				MTL_ENABLE_DEBUG_INFO = INCLUDE_SOURCE;
				MTL_FAST_MATH = YES;
				ONLY_ACTIVE_ARCH = YES;
				SDKROOT = iphoneos;
				SWIFT_ACTIVE_COMPILATION_CONDITIONS = DEBUG;
				SWIFT_OPTIMIZATION_LEVEL = "-Onone";
			};
			name = Debug;
		};
		96D04BAF28D448B200FB91EF /* Release */ = {
			isa = XCBuildConfiguration;
			buildSettings = {
				ALWAYS_SEARCH_USER_PATHS = NO;
				CLANG_ANALYZER_NONNULL = YES;
				CLANG_ANALYZER_NUMBER_OBJECT_CONVERSION = YES_AGGRESSIVE;
				CLANG_CXX_LANGUAGE_STANDARD = "gnu++17";
				CLANG_ENABLE_MODULES = YES;
				CLANG_ENABLE_OBJC_ARC = YES;
				CLANG_ENABLE_OBJC_WEAK = YES;
				CLANG_WARN_BLOCK_CAPTURE_AUTORELEASING = YES;
				CLANG_WARN_BOOL_CONVERSION = YES;
				CLANG_WARN_COMMA = YES;
				CLANG_WARN_CONSTANT_CONVERSION = YES;
				CLANG_WARN_DEPRECATED_OBJC_IMPLEMENTATIONS = YES;
				CLANG_WARN_DIRECT_OBJC_ISA_USAGE = YES_ERROR;
				CLANG_WARN_DOCUMENTATION_COMMENTS = YES;
				CLANG_WARN_EMPTY_BODY = YES;
				CLANG_WARN_ENUM_CONVERSION = YES;
				CLANG_WARN_INFINITE_RECURSION = YES;
				CLANG_WARN_INT_CONVERSION = YES;
				CLANG_WARN_NON_LITERAL_NULL_CONVERSION = YES;
				CLANG_WARN_OBJC_IMPLICIT_RETAIN_SELF = YES;
				CLANG_WARN_OBJC_LITERAL_CONVERSION = YES;
				CLANG_WARN_OBJC_ROOT_CLASS = YES_ERROR;
				CLANG_WARN_QUOTED_INCLUDE_IN_FRAMEWORK_HEADER = YES;
				CLANG_WARN_RANGE_LOOP_ANALYSIS = YES;
				CLANG_WARN_STRICT_PROTOTYPES = YES;
				CLANG_WARN_SUSPICIOUS_MOVE = YES;
				CLANG_WARN_UNGUARDED_AVAILABILITY = YES_AGGRESSIVE;
				CLANG_WARN_UNREACHABLE_CODE = YES;
				CLANG_WARN__DUPLICATE_METHOD_MATCH = YES;
				COPY_PHASE_STRIP = NO;
				DEBUG_INFORMATION_FORMAT = "dwarf-with-dsym";
				ENABLE_NS_ASSERTIONS = NO;
				ENABLE_STRICT_OBJC_MSGSEND = YES;
				GCC_C_LANGUAGE_STANDARD = gnu11;
				GCC_NO_COMMON_BLOCKS = YES;
				GCC_WARN_64_TO_32_BIT_CONVERSION = YES;
				GCC_WARN_ABOUT_RETURN_TYPE = YES_ERROR;
				GCC_WARN_UNDECLARED_SELECTOR = YES;
				GCC_WARN_UNINITIALIZED_AUTOS = YES_AGGRESSIVE;
				GCC_WARN_UNUSED_FUNCTION = YES;
				GCC_WARN_UNUSED_VARIABLE = YES;
				IPHONEOS_DEPLOYMENT_TARGET = 15.5;
				MTL_ENABLE_DEBUG_INFO = NO;
				MTL_FAST_MATH = YES;
				SDKROOT = iphoneos;
				SWIFT_COMPILATION_MODE = wholemodule;
				SWIFT_OPTIMIZATION_LEVEL = "-O";
				VALIDATE_PRODUCT = YES;
			};
			name = Release;
		};
		96D04BB128D448B200FB91EF /* Debug */ = {
			isa = XCBuildConfiguration;
			buildSettings = {
				ASSETCATALOG_COMPILER_APPICON_NAME = AppIcon;
				ASSETCATALOG_COMPILER_GLOBAL_ACCENT_COLOR_NAME = AccentColor;
				CODE_SIGN_STYLE = Automatic;
				CURRENT_PROJECT_VERSION = 1;
				GENERATE_INFOPLIST_FILE = YES;
				INFOPLIST_FILE = loginPage/Info.plist;
				INFOPLIST_KEY_UIApplicationSupportsIndirectInputEvents = YES;
				INFOPLIST_KEY_UILaunchStoryboardName = LaunchScreen;
				INFOPLIST_KEY_UIMainStoryboardFile = Main;
				INFOPLIST_KEY_UISupportedInterfaceOrientations_iPad = "UIInterfaceOrientationPortrait UIInterfaceOrientationPortraitUpsideDown UIInterfaceOrientationLandscapeLeft UIInterfaceOrientationLandscapeRight";
				INFOPLIST_KEY_UISupportedInterfaceOrientations_iPhone = "UIInterfaceOrientationPortrait UIInterfaceOrientationLandscapeLeft UIInterfaceOrientationLandscapeRight";
				LD_RUNPATH_SEARCH_PATHS = (
					"$(inherited)",
					"@executable_path/Frameworks",
				);
				MARKETING_VERSION = 1.0;
				PRODUCT_BUNDLE_IDENTIFIER = Siril.loginPage;
				PRODUCT_NAME = "$(TARGET_NAME)";
				SWIFT_EMIT_LOC_STRINGS = YES;
				SWIFT_VERSION = 5.0;
				TARGETED_DEVICE_FAMILY = "1,2";
			};
			name = Debug;
		};
		96D04BB228D448B200FB91EF /* Release */ = {
			isa = XCBuildConfiguration;
			buildSettings = {
				ASSETCATALOG_COMPILER_APPICON_NAME = AppIcon;
				ASSETCATALOG_COMPILER_GLOBAL_ACCENT_COLOR_NAME = AccentColor;
				CODE_SIGN_STYLE = Automatic;
				CURRENT_PROJECT_VERSION = 1;
				GENERATE_INFOPLIST_FILE = YES;
				INFOPLIST_FILE = loginPage/Info.plist;
				INFOPLIST_KEY_UIApplicationSupportsIndirectInputEvents = YES;
				INFOPLIST_KEY_UILaunchStoryboardName = LaunchScreen;
				INFOPLIST_KEY_UIMainStoryboardFile = Main;
				INFOPLIST_KEY_UISupportedInterfaceOrientations_iPad = "UIInterfaceOrientationPortrait UIInterfaceOrientationPortraitUpsideDown UIInterfaceOrientationLandscapeLeft UIInterfaceOrientationLandscapeRight";
				INFOPLIST_KEY_UISupportedInterfaceOrientations_iPhone = "UIInterfaceOrientationPortrait UIInterfaceOrientationLandscapeLeft UIInterfaceOrientationLandscapeRight";
				LD_RUNPATH_SEARCH_PATHS = (
					"$(inherited)",
					"@executable_path/Frameworks",
				);
				MARKETING_VERSION = 1.0;
				PRODUCT_BUNDLE_IDENTIFIER = Siril.loginPage;
				PRODUCT_NAME = "$(TARGET_NAME)";
				SWIFT_EMIT_LOC_STRINGS = YES;
				SWIFT_VERSION = 5.0;
				TARGETED_DEVICE_FAMILY = "1,2";
			};
			name = Release;
		};
		96D04BB428D448B200FB91EF /* Debug */ = {
			isa = XCBuildConfiguration;
			buildSettings = {
				ALWAYS_EMBED_SWIFT_STANDARD_LIBRARIES = YES;
				BUNDLE_LOADER = "$(TEST_HOST)";
				CODE_SIGN_STYLE = Automatic;
				CURRENT_PROJECT_VERSION = 1;
				GENERATE_INFOPLIST_FILE = YES;
				IPHONEOS_DEPLOYMENT_TARGET = 15.5;
				MARKETING_VERSION = 1.0;
				PRODUCT_BUNDLE_IDENTIFIER = Siril.loginPageTests;
				PRODUCT_NAME = "$(TARGET_NAME)";
				SWIFT_EMIT_LOC_STRINGS = NO;
				SWIFT_VERSION = 5.0;
				TARGETED_DEVICE_FAMILY = "1,2";
				TEST_HOST = "$(BUILT_PRODUCTS_DIR)/loginPage.app/loginPage";
			};
			name = Debug;
		};
		96D04BB528D448B200FB91EF /* Release */ = {
			isa = XCBuildConfiguration;
			buildSettings = {
				ALWAYS_EMBED_SWIFT_STANDARD_LIBRARIES = YES;
				BUNDLE_LOADER = "$(TEST_HOST)";
				CODE_SIGN_STYLE = Automatic;
				CURRENT_PROJECT_VERSION = 1;
				GENERATE_INFOPLIST_FILE = YES;
				IPHONEOS_DEPLOYMENT_TARGET = 15.5;
				MARKETING_VERSION = 1.0;
				PRODUCT_BUNDLE_IDENTIFIER = Siril.loginPageTests;
				PRODUCT_NAME = "$(TARGET_NAME)";
				SWIFT_EMIT_LOC_STRINGS = NO;
				SWIFT_VERSION = 5.0;
				TARGETED_DEVICE_FAMILY = "1,2";
				TEST_HOST = "$(BUILT_PRODUCTS_DIR)/loginPage.app/loginPage";
			};
			name = Release;
		};
		96D04BB728D448B200FB91EF /* Debug */ = {
			isa = XCBuildConfiguration;
			buildSettings = {
				ALWAYS_EMBED_SWIFT_STANDARD_LIBRARIES = YES;
				CODE_SIGN_STYLE = Automatic;
				CURRENT_PROJECT_VERSION = 1;
				GENERATE_INFOPLIST_FILE = YES;
				MARKETING_VERSION = 1.0;
				PRODUCT_BUNDLE_IDENTIFIER = Siril.loginPageUITests;
				PRODUCT_NAME = "$(TARGET_NAME)";
				SWIFT_EMIT_LOC_STRINGS = NO;
				SWIFT_VERSION = 5.0;
				TARGETED_DEVICE_FAMILY = "1,2";
				TEST_TARGET_NAME = loginPage;
			};
			name = Debug;
		};
		96D04BB828D448B200FB91EF /* Release */ = {
			isa = XCBuildConfiguration;
			buildSettings = {
				ALWAYS_EMBED_SWIFT_STANDARD_LIBRARIES = YES;
				CODE_SIGN_STYLE = Automatic;
				CURRENT_PROJECT_VERSION = 1;
				GENERATE_INFOPLIST_FILE = YES;
				MARKETING_VERSION = 1.0;
				PRODUCT_BUNDLE_IDENTIFIER = Siril.loginPageUITests;
				PRODUCT_NAME = "$(TARGET_NAME)";
				SWIFT_EMIT_LOC_STRINGS = NO;
				SWIFT_VERSION = 5.0;
				TARGETED_DEVICE_FAMILY = "1,2";
				TEST_TARGET_NAME = loginPage;
			};
			name = Release;
		};
/* End XCBuildConfiguration section */

/* Begin XCConfigurationList section */
		96D04B8128D448B000FB91EF /* Build configuration list for PBXProject "loginPage" */ = {
			isa = XCConfigurationList;
			buildConfigurations = (
				96D04BAE28D448B200FB91EF /* Debug */,
				96D04BAF28D448B200FB91EF /* Release */,
			);
			defaultConfigurationIsVisible = 0;
			defaultConfigurationName = Release;
		};
		96D04BB028D448B200FB91EF /* Build configuration list for PBXNativeTarget "loginPage" */ = {
			isa = XCConfigurationList;
			buildConfigurations = (
				96D04BB128D448B200FB91EF /* Debug */,
				96D04BB228D448B200FB91EF /* Release */,
			);
			defaultConfigurationIsVisible = 0;
			defaultConfigurationName = Release;
		};
		96D04BB328D448B200FB91EF /* Build configuration list for PBXNativeTarget "loginPageTests" */ = {
			isa = XCConfigurationList;
			buildConfigurations = (
				96D04BB428D448B200FB91EF /* Debug */,
				96D04BB528D448B200FB91EF /* Release */,
			);
			defaultConfigurationIsVisible = 0;
			defaultConfigurationName = Release;
		};
		96D04BB628D448B200FB91EF /* Build configuration list for PBXNativeTarget "loginPageUITests" */ = {
			isa = XCConfigurationList;
			buildConfigurations = (
				96D04BB728D448B200FB91EF /* Debug */,
				96D04BB828D448B200FB91EF /* Release */,
			);
			defaultConfigurationIsVisible = 0;
			defaultConfigurationName = Release;
		};
/* End XCConfigurationList section */
	};
	rootObject = 96D04B7E28D448B000FB91EF /* Project object */;
}
